
Microsoft Visual Studio Solution File, Format Version 12.00
# Visual Studio Version 17
VisualStudioVersion = 17.5.002.0
MinimumVisualStudioVersion = 10.0.40219.1
Project("{9A19103F-16F7-4668-BE54-9A1E7A4F7556}") = "api", "api\api.csproj", "{6FC9862C-EC35-49EE-A0A7-8B2A4C8B84D9}"
EndProject
Global
	GlobalSection(SolutionConfigurationPlatforms) = preSolution
		Debug|Any CPU = Debug|Any CPU
		Release|Any CPU = Release|Any CPU
	EndGlobalSection
	GlobalSection(ProjectConfigurationPlatforms) = postSolution
		{6FC9862C-EC35-49EE-A0A7-8B2A4C8B84D9}.Debug|Any CPU.ActiveCfg = Debug|Any CPU
		{6FC9862C-EC35-49EE-A0A7-8B2A4C8B84D9}.Debug|Any CPU.Build.0 = Debug|Any CPU
		{6FC9862C-EC35-49EE-A0A7-8B2A4C8B84D9}.Release|Any CPU.ActiveCfg = Release|Any CPU
		{6FC9862C-EC35-49EE-A0A7-8B2A4C8B84D9}.Release|Any CPU.Build.0 = Release|Any CPU
	EndGlobalSection
	GlobalSection(SolutionProperties) = preSolution
		HideSolutionNode = FALSE
	EndGlobalSection
	GlobalSection(ExtensibilityGlobals) = postSolution
		SolutionGuid = {10B5AF84-8055-4D93-8502-3DD376905344}
	EndGlobalSection
EndGlobal
